
Microsoft Visual Studio Solution File, Format Version 12.00
# Visual Studio Version 16
VisualStudioVersion = 16.0.29319.158
MinimumVisualStudioVersion = 10.0.40219.1
Project("{9A19103F-16F7-4668-BE54-9A1E7A4F7556}") = "ExtracaoCotacoes", "ExtracaoCotacoes.csproj", "{D7C9CEBC-B997-43DE-9CB1-6FC14E1A21DC}"
EndProject
Global
	GlobalSection(SolutionConfigurationPlatforms) = preSolution
		Debug|Any CPU = Debug|Any CPU
		Release|Any CPU = Release|Any CPU
	EndGlobalSection
	GlobalSection(ProjectConfigurationPlatforms) = postSolution
		{D7C9CEBC-B997-43DE-9CB1-6FC14E1A21DC}.Debug|Any CPU.ActiveCfg = Debug|Any CPU
		{D7C9CEBC-B997-43DE-9CB1-6FC14E1A21DC}.Debug|Any CPU.Build.0 = Debug|Any CPU
		{D7C9CEBC-B997-43DE-9CB1-6FC14E1A21DC}.Release|Any CPU.ActiveCfg = Release|Any CPU
		{D7C9CEBC-B997-43DE-9CB1-6FC14E1A21DC}.Release|Any CPU.Build.0 = Release|Any CPU
	EndGlobalSection
	GlobalSection(SolutionProperties) = preSolution
		HideSolutionNode = FALSE
	EndGlobalSection
	GlobalSection(ExtensibilityGlobals) = postSolution
		SolutionGuid = {C08879B7-C335-44B8-9363-FA4539E7F4E4}
	EndGlobalSection
EndGlobal
